speakeasyVersion: 1.468.2
sources:
    CRM API:
        sourceNamespace: crm-api-def
        sourceRevisionDigest: sha256:1593c10e1966c17a68ad8e3857240349574f9689703d5cec8c84c384a5b348f4
        sourceBlobDigest: sha256:08bc1889ced940acdaee0fa1f3c17a3cbd9a00f112eb5f9d2762e39794b222c9
        tags:
            - latest
            - 10.8.2
targets:
    apideck:
        source: CRM API
        sourceNamespace: crm-api-def
        sourceRevisionDigest: sha256:1593c10e1966c17a68ad8e3857240349574f9689703d5cec8c84c384a5b348f4
        sourceBlobDigest: sha256:08bc1889ced940acdaee0fa1f3c17a3cbd9a00f112eb5f9d2762e39794b222c9
        codeSamplesNamespace: crm-api-typescript-code-samples
        codeSamplesRevisionDigest: sha256:13db85a4f4aa79f8acb26bb90c74a22ec156baa278b700018293a06035c90fe4
workflow:
    workflowVersion: 1.0.0
    speakeasyVersion: latest
    sources:
        CRM API:
            inputs:
                - location: ../spec-crm-api.enhanced.refs.json
            registry:
                location: registry.speakeasyapi.dev/apideck-k2o/apideck/crm-api-def
    targets:
        apideck:
            target: typescript
            source: CRM API
            codeSamples:
                registry:
                    location: registry.speakeasyapi.dev/apideck-k2o/apideck/crm-api-typescript-code-samples
                labelOverride:
                    fixedValue: Typescript (SDK)
                blocking: false
