speakeasyVersion: 1.477.0
sources:
    CRM API:
        sourceNamespace: crm-api-enhanced
        sourceRevisionDigest: sha256:4512e0bd34f3bc65f609098355c8ed05527f2c01cbc0af56cfc1f0e4d5647a8c
        sourceBlobDigest: sha256:af8570a3a7c54a4b2ecb8eb1fb42a51f498dd3949d22f744c5c3405cb1f21eda
        tags:
            - latest
            - 10.11.0
targets:
    apideck:
        source: CRM API
        sourceNamespace: crm-api-enhanced
        sourceRevisionDigest: sha256:4512e0bd34f3bc65f609098355c8ed05527f2c01cbc0af56cfc1f0e4d5647a8c
        sourceBlobDigest: sha256:af8570a3a7c54a4b2ecb8eb1fb42a51f498dd3949d22f744c5c3405cb1f21eda
        codeSamplesNamespace: crm-enhanced-typescript-code-samples
        codeSamplesRevisionDigest: sha256:a8f5781aa74cf5516c1b022dce6d2bc751030bc64e915446e079e7ca36ab4f97
workflow:
    workflowVersion: 1.0.0
    speakeasyVersion: latest
    sources:
        CRM API:
            inputs:
                - location: ../../unify/speakeasy-spec.yml
            registry:
                location: registry.speakeasyapi.dev/apideck-k2o/apideck/crm-api-enhanced
    targets:
        apideck:
            target: typescript
            source: CRM API
            codeSamples:
                registry:
                    location: registry.speakeasyapi.dev/apideck-k2o/apideck/crm-enhanced-typescript-code-samples
                labelOverride:
                    fixedValue: Typescript (SDK)
                blocking: false
